
Microsoft Visual Studio Solution File, Format Version 12.00
# Visual Studio Version 17
VisualStudioVersion = 17.5.002.0
MinimumVisualStudioVersion = 10.0.40219.1
Project("{9A19103F-16F7-4668-BE54-9A1E7A4F7556}") = "AutanticationWebApi", "AutanticationWebApi.csproj", "{A464E7D3-8642-450C-A14E-1EFC8B57C907}"
EndProject
Global
	GlobalSection(SolutionConfigurationPlatforms) = preSolution
		Debug|Any CPU = Debug|Any CPU
		Release|Any CPU = Release|Any CPU
	EndGlobalSection
	GlobalSection(ProjectConfigurationPlatforms) = postSolution
		{A464E7D3-8642-450C-A14E-1EFC8B57C907}.Debug|Any CPU.ActiveCfg = Debug|Any CPU
		{A464E7D3-8642-450C-A14E-1EFC8B57C907}.Debug|Any CPU.Build.0 = Debug|Any CPU
		{A464E7D3-8642-450C-A14E-1EFC8B57C907}.Release|Any CPU.ActiveCfg = Release|Any CPU
		{A464E7D3-8642-450C-A14E-1EFC8B57C907}.Release|Any CPU.Build.0 = Release|Any CPU
	EndGlobalSection
	GlobalSection(SolutionProperties) = preSolution
		HideSolutionNode = FALSE
	EndGlobalSection
	GlobalSection(ExtensibilityGlobals) = postSolution
		SolutionGuid = {C04B91AD-C0FB-47B8-A315-B057FA98FA37}
	EndGlobalSection
EndGlobal
